
Microsoft Visual Studio Solution File, Format Version 12.00
# Visual Studio 2013
VisualStudioVersion = 12.0.21005.1
MinimumVisualStudioVersion = 10.0.40219.1
Project("{FAE04EC0-301F-11D3-BF4B-00C04F79EFBC}") = "Server", "Css\Server.csproj", "{350FA711-A8D3-466E-8779-1EBBDAEB3400}"
EndProject
Project("{FAE04EC0-301F-11D3-BF4B-00C04F79EFBC}") = "Multiple Client", "Multiple Client\Multiple Client.csproj", "{EE3D2882-ADCD-453B-BA94-AE05114B657D}"
EndProject
Project("{FAE04EC0-301F-11D3-BF4B-00C04F79EFBC}") = "Winfom-Client", "Winfom-Client\Winfom-Client.csproj", "{DA8998D8-2D87-4765-B096-11527BA4A16A}"
EndProject
Global
	GlobalSection(SolutionConfigurationPlatforms) = preSolution
		Debug|Any CPU = Debug|Any CPU
		Release|Any CPU = Release|Any CPU
	EndGlobalSection
	GlobalSection(ProjectConfigurationPlatforms) = postSolution
		{350FA711-A8D3-466E-8779-1EBBDAEB3400}.Debug|Any CPU.ActiveCfg = Debug|Any CPU
		{350FA711-A8D3-466E-8779-1EBBDAEB3400}.Debug|Any CPU.Build.0 = Debug|Any CPU
		{350FA711-A8D3-466E-8779-1EBBDAEB3400}.Release|Any CPU.ActiveCfg = Release|Any CPU
		{350FA711-A8D3-466E-8779-1EBBDAEB3400}.Release|Any CPU.Build.0 = Release|Any CPU
		{EE3D2882-ADCD-453B-BA94-AE05114B657D}.Debug|Any CPU.ActiveCfg = Debug|Any CPU
		{EE3D2882-ADCD-453B-BA94-AE05114B657D}.Debug|Any CPU.Build.0 = Debug|Any CPU
		{EE3D2882-ADCD-453B-BA94-AE05114B657D}.Release|Any CPU.ActiveCfg = Release|Any CPU
		{EE3D2882-ADCD-453B-BA94-AE05114B657D}.Release|Any CPU.Build.0 = Release|Any CPU
		{DA8998D8-2D87-4765-B096-11527BA4A16A}.Debug|Any CPU.ActiveCfg = Debug|Any CPU
		{DA8998D8-2D87-4765-B096-11527BA4A16A}.Debug|Any CPU.Build.0 = Debug|Any CPU
		{DA8998D8-2D87-4765-B096-11527BA4A16A}.Release|Any CPU.ActiveCfg = Release|Any CPU
		{DA8998D8-2D87-4765-B096-11527BA4A16A}.Release|Any CPU.Build.0 = Release|Any CPU
	EndGlobalSection
	GlobalSection(SolutionProperties) = preSolution
		HideSolutionNode = FALSE
	EndGlobalSection
EndGlobal
